
Microsoft Visual Studio Solution File, Format Version 12.00
# Visual Studio 14
VisualStudioVersion = 14.0.25123.0
MinimumVisualStudioVersion = 10.0.40219.1
Project("{FAE04EC0-301F-11D3-BF4B-00C04F79EFBC}") = "Chioy.Communication.Networking.Client", "Chioy.Communication.Networking.Client\Chioy.Communication.Networking.Client.csproj", "{7F905FBE-6643-425A-8B40-7283032FE013}"
EndProject
Project("{FAE04EC0-301F-11D3-BF4B-00C04F79EFBC}") = "Chioy.Communication.Networking.Common", "Chioy.Communication.Networking.Common\Chioy.Communication.Networking.Common.csproj", "{5E0CA531-FC69-4826-9BBD-59F8A37F4B7C}"
EndProject
Project("{FAE04EC0-301F-11D3-BF4B-00C04F79EFBC}") = "Chioy.Communication.Networking.Interface", "Chioy.Communication.Networking.Interface\Chioy.Communication.Networking.Interface.csproj", "{51376E37-3293-4FC8-A113-A6C546F03BC3}"
EndProject
Project("{FAE04EC0-301F-11D3-BF4B-00C04F79EFBC}") = "Chioy.Communication.Networking.Models", "Chioy.Communication.Networking.Models\Chioy.Communication.Networking.Models.csproj", "{6FD32669-24FB-423A-9F00-D22BD764923A}"
EndProject
Project("{FAE04EC0-301F-11D3-BF4B-00C04F79EFBC}") = "Chioy.Communication.Networking.Service", "Chioy.Communication.Networking.Service\Chioy.Communication.Networking.Service.csproj", "{F4F58C91-EA07-46CD-9096-B4DD1F58F754}"
EndProject
Project("{FAE04EC0-301F-11D3-BF4B-00C04F79EFBC}") = "ServiceHost", "ServiceHost\ServiceHost.csproj", "{44B1501E-C6F2-441C-8C5F-DE3B455A3D49}"
EndProject
Project("{FAE04EC0-301F-11D3-BF4B-00C04F79EFBC}") = "TestCallWebServiceClient", "TestCallWebServiceClient\TestCallWebServiceClient.csproj", "{AA63FB05-C61A-42A2-8E80-55EFCD262923}"
EndProject
Project("{FAE04EC0-301F-11D3-BF4B-00C04F79EFBC}") = "KRNetWorkingTool", "KRNetWorkingTool\KRNetWorkingTool.csproj", "{718EBCD1-99F6-414D-8B16-93A12C1AD47F}"
EndProject
Global
	GlobalSection(SolutionConfigurationPlatforms) = preSolution
		Debug|Any CPU = Debug|Any CPU
		Release|Any CPU = Release|Any CPU
	EndGlobalSection
	GlobalSection(ProjectConfigurationPlatforms) = postSolution
		{7F905FBE-6643-425A-8B40-7283032FE013}.Debug|Any CPU.ActiveCfg = Debug|Any CPU
		{7F905FBE-6643-425A-8B40-7283032FE013}.Debug|Any CPU.Build.0 = Debug|Any CPU
		{7F905FBE-6643-425A-8B40-7283032FE013}.Release|Any CPU.ActiveCfg = Release|Any CPU
		{7F905FBE-6643-425A-8B40-7283032FE013}.Release|Any CPU.Build.0 = Release|Any CPU
		{5E0CA531-FC69-4826-9BBD-59F8A37F4B7C}.Debug|Any CPU.ActiveCfg = Debug|Any CPU
		{5E0CA531-FC69-4826-9BBD-59F8A37F4B7C}.Debug|Any CPU.Build.0 = Debug|Any CPU
		{5E0CA531-FC69-4826-9BBD-59F8A37F4B7C}.Release|Any CPU.ActiveCfg = Release|Any CPU
		{5E0CA531-FC69-4826-9BBD-59F8A37F4B7C}.Release|Any CPU.Build.0 = Release|Any CPU
		{51376E37-3293-4FC8-A113-A6C546F03BC3}.Debug|Any CPU.ActiveCfg = Debug|Any CPU
		{51376E37-3293-4FC8-A113-A6C546F03BC3}.Debug|Any CPU.Build.0 = Debug|Any CPU
		{51376E37-3293-4FC8-A113-A6C546F03BC3}.Release|Any CPU.ActiveCfg = Release|Any CPU
		{51376E37-3293-4FC8-A113-A6C546F03BC3}.Release|Any CPU.Build.0 = Release|Any CPU
		{6FD32669-24FB-423A-9F00-D22BD764923A}.Debug|Any CPU.ActiveCfg = Debug|Any CPU
		{6FD32669-24FB-423A-9F00-D22BD764923A}.Debug|Any CPU.Build.0 = Debug|Any CPU
		{6FD32669-24FB-423A-9F00-D22BD764923A}.Release|Any CPU.ActiveCfg = Release|Any CPU
		{6FD32669-24FB-423A-9F00-D22BD764923A}.Release|Any CPU.Build.0 = Release|Any CPU
		{F4F58C91-EA07-46CD-9096-B4DD1F58F754}.Debug|Any CPU.ActiveCfg = Debug|Any CPU
		{F4F58C91-EA07-46CD-9096-B4DD1F58F754}.Debug|Any CPU.Build.0 = Debug|Any CPU
		{F4F58C91-EA07-46CD-9096-B4DD1F58F754}.Release|Any CPU.ActiveCfg = Release|Any CPU
		{F4F58C91-EA07-46CD-9096-B4DD1F58F754}.Release|Any CPU.Build.0 = Release|Any CPU
		{44B1501E-C6F2-441C-8C5F-DE3B455A3D49}.Debug|Any CPU.ActiveCfg = Debug|Any CPU
		{44B1501E-C6F2-441C-8C5F-DE3B455A3D49}.Debug|Any CPU.Build.0 = Debug|Any CPU
		{44B1501E-C6F2-441C-8C5F-DE3B455A3D49}.Release|Any CPU.ActiveCfg = Release|Any CPU
		{44B1501E-C6F2-441C-8C5F-DE3B455A3D49}.Release|Any CPU.Build.0 = Release|Any CPU
		{AA63FB05-C61A-42A2-8E80-55EFCD262923}.Debug|Any CPU.ActiveCfg = Debug|Any CPU
		{AA63FB05-C61A-42A2-8E80-55EFCD262923}.Debug|Any CPU.Build.0 = Debug|Any CPU
		{AA63FB05-C61A-42A2-8E80-55EFCD262923}.Release|Any CPU.ActiveCfg = Release|Any CPU
		{AA63FB05-C61A-42A2-8E80-55EFCD262923}.Release|Any CPU.Build.0 = Release|Any CPU
		{718EBCD1-99F6-414D-8B16-93A12C1AD47F}.Debug|Any CPU.ActiveCfg = Debug|Any CPU
		{718EBCD1-99F6-414D-8B16-93A12C1AD47F}.Debug|Any CPU.Build.0 = Debug|Any CPU
		{718EBCD1-99F6-414D-8B16-93A12C1AD47F}.Release|Any CPU.ActiveCfg = Release|Any CPU
		{718EBCD1-99F6-414D-8B16-93A12C1AD47F}.Release|Any CPU.Build.0 = Release|Any CPU
	EndGlobalSection
	GlobalSection(SolutionProperties) = preSolution
		HideSolutionNode = FALSE
	EndGlobalSection
EndGlobal
